<?xml version="1.0" encoding="UTF-8"?>
<Scheme
   LastUpgradeVersion = "1230"
   version = "1.3">
   <BuildAction
      parallelizeBuildables = "YES"
      buildImplicitDependencies = "YES">
      <BuildActionEntries>
         <BuildActionEntry
            buildForTesting = "YES"
            buildForRunning = "YES"
            buildForProfiling = "YES"
            buildForArchiving = "YES"
            buildForAnalyzing = "YES">
            <BuildableReference
               BuildableIdentifier = "primary"
               BlueprintIdentifier = "04157CD62641260700416A63"
               BuildableName = "TUNESDEMOVIP.app"
               BlueprintName = "TUNESDEMOVIP"
               ReferencedContainer = "container:TUNESDEMOVIP.xcodeproj">
            </BuildableReference>
         </BuildActionEntry>
      </BuildActionEntries>
   </BuildAction>
   <TestAction
      buildConfiguration = "Debug"
      selectedDebuggerIdentifier = "Xcode.DebuggerFoundation.Debugger.LLDB"
      selectedLauncherIdentifier = "Xcode.DebuggerFoundation.Launcher.LLDB"
      shouldUseLaunchSchemeArgsEnv = "YES"
      codeCoverageEnabled = "YES"
      onlyGenerateCoverageForSpecifiedTargets = "YES">
      <CodeCoverageTargets>
         <BuildableReference
            BuildableIdentifier = "primary"
            BlueprintIdentifier = "04157CD62641260700416A63"
            BuildableName = "TUNESDEMOVIP.app"
            BlueprintName = "TUNESDEMOVIP"
            ReferencedContainer = "container:TUNESDEMOVIP.xcodeproj">
         </BuildableReference>
         <BuildableReference
            BuildableIdentifier = "primary"
            BlueprintIdentifier = "04157CEC2641260800416A63"
            BuildableName = "TUNESDEMOVIPTests.xctest"
            BlueprintName = "TUNESDEMOVIPTests"
            ReferencedContainer = "container:TUNESDEMOVIP.xcodeproj">
         </BuildableReference>
         <BuildableReference
            BuildableIdentifier = "primary"
            BlueprintIdentifier = "04157CF72641260800416A63"
            BuildableName = "TUNESDEMOVIPUITests.xctest"
            BlueprintName = "TUNESDEMOVIPUITests"
            ReferencedContainer = "container:TUNESDEMOVIP.xcodeproj">
         </BuildableReference>
      </CodeCoverageTargets>
      <Testables>
         <TestableReference
            skipped = "NO">
            <BuildableReference
               BuildableIdentifier = "primary"
               BlueprintIdentifier = "04157CEC2641260800416A63"
               BuildableName = "TUNESDEMOVIPTests.xctest"
               BlueprintName = "TUNESDEMOVIPTests"
               ReferencedContainer = "container:TUNESDEMOVIP.xcodeproj">
            </BuildableReference>
         </TestableReference>
         <TestableReference
            skipped = "NO">
            <BuildableReference
               BuildableIdentifier = "primary"
               BlueprintIdentifier = "04157CF72641260800416A63"
               BuildableName = "TUNESDEMOVIPUITests.xctest"
               BlueprintName = "TUNESDEMOVIPUITests"
               ReferencedContainer = "container:TUNESDEMOVIP.xcodeproj">
            </BuildableReference>
         </TestableReference>
      </Testables>
   </TestAction>
   <LaunchAction
      buildConfiguration = "Debug"
      selectedDebuggerIdentifier = "Xcode.DebuggerFoundation.Debugger.LLDB"
      selectedLauncherIdentifier = "Xcode.DebuggerFoundation.Launcher.LLDB"
      launchStyle = "0"
      useCustomWorkingDirectory = "NO"
      ignoresPersistentStateOnLaunch = "NO"
      debugDocumentVersioning = "YES"
      debugServiceExtension = "internal"
      allowLocationSimulation = "YES">
      <BuildableProductRunnable
         runnableDebuggingMode = "0">
         <BuildableReference
            BuildableIdentifier = "primary"
            BlueprintIdentifier = "04157CD62641260700416A63"
            BuildableName = "TUNESDEMOVIP.app"
            BlueprintName = "TUNESDEMOVIP"
            ReferencedContainer = "container:TUNESDEMOVIP.xcodeproj">
         </BuildableReference>
      </BuildableProductRunnable>
      <AdditionalOptions>
         <AdditionalOption
            key = "NSZombieEnabled"
            value = "YES"
            isEnabled = "YES">
         </AdditionalOption>
      </AdditionalOptions>
   </LaunchAction>
   <ProfileAction
      buildConfiguration = "Release"
      shouldUseLaunchSchemeArgsEnv = "YES"
      savedToolIdentifier = ""
      useCustomWorkingDirectory = "NO"
      debugDocumentVersioning = "YES">
      <BuildableProductRunnable
         runnableDebuggingMode = "0">
         <BuildableReference
            BuildableIdentifier = "primary"
            BlueprintIdentifier = "04157CD62641260700416A63"
            BuildableName = "TUNESDEMOVIP.app"
            BlueprintName = "TUNESDEMOVIP"
            ReferencedContainer = "container:TUNESDEMOVIP.xcodeproj">
         </BuildableReference>
      </BuildableProductRunnable>
   </ProfileAction>
   <AnalyzeAction
      buildConfiguration = "Debug">
   </AnalyzeAction>
   <ArchiveAction
      buildConfiguration = "Release"
      revealArchiveInOrganizer = "YES">
   </ArchiveAction>
</Scheme>
